
Microsoft Visual Studio Solution File, Format Version 12.00
# Visual Studio 15
VisualStudioVersion = 15.0.27004.2008
MinimumVisualStudioVersion = 10.0.40219.1
Project("{FAE04EC0-301F-11D3-BF4B-00C04F79EFBC}") = "DeveloperTest181217", "DeveloperTest181217\DeveloperTest181217.csproj", "{38D9342E-220D-4FA6-B81C-8364E953455B}"
EndProject
Global
	GlobalSection(SolutionConfigurationPlatforms) = preSolution
		Debug|Any CPU = Debug|Any CPU
		Release|Any CPU = Release|Any CPU
	EndGlobalSection
	GlobalSection(ProjectConfigurationPlatforms) = postSolution
		{38D9342E-220D-4FA6-B81C-8364E953455B}.Debug|Any CPU.ActiveCfg = Debug|Any CPU
		{38D9342E-220D-4FA6-B81C-8364E953455B}.Debug|Any CPU.Build.0 = Debug|Any CPU
		{38D9342E-220D-4FA6-B81C-8364E953455B}.Release|Any CPU.ActiveCfg = Release|Any CPU
		{38D9342E-220D-4FA6-B81C-8364E953455B}.Release|Any CPU.Build.0 = Release|Any CPU
	EndGlobalSection
	GlobalSection(SolutionProperties) = preSolution
		HideSolutionNode = FALSE
	EndGlobalSection
	GlobalSection(ExtensibilityGlobals) = postSolution
		SolutionGuid = {4D66085D-8776-4B72-9027-26C105063096}
	EndGlobalSection
EndGlobal
